# THIS IS AN AUTOGENERATED FILE. DO NOT EDIT THIS FILE DIRECTLY.
# yarn lockfile v1


card-validator@^8.1.0:
  version "8.1.0"
  resolved "https://registry.yarnpkg.com/card-validator/-/card-validator-8.1.0.tgz#9f59e039e9a15f66152b228831f3bdcd713f1edf"
  integrity sha512-KlWjnGs6DyxRj9DLGPv+sb7AvU9Y6Od7DJWjnTghzplzsKz/vTYqRMK46xO/BCpHNqvnFNNVbSQa1vBFJ+/o8g==
  dependencies:
    credit-card-type "^9.0.0"

credit-card-type@^9.0.0:
  version "9.1.0"
  resolved "https://registry.yarnpkg.com/credit-card-type/-/credit-card-type-9.1.0.tgz#54dd96c93b6579623e9c8656e6798fc2b93f5f05"
  integrity sha512-CpNFuLxiPFxuZqhSKml3M+t0K/484pMAnfYWH14JoD7OZMnmC0Lmo+P7JX9SobqFpRoo7ifA18kOHdxJywYPEA==
